
Microsoft Visual Studio Solution File, Format Version 12.00
# Visual Studio Version 17
VisualStudioVersion = 17.0.31919.166
MinimumVisualStudioVersion = 10.0.40219.1
Project("{FAE04EC0-301F-11D3-BF4B-00C04F79EFBC}") = "AspNetCore_Server", "AspNetCore_Server\AspNetCore_Server.csproj", "{D7A13800-1937-4FE9-8FBA-DFCD03E8AD78}"
EndProject
Global
	GlobalSection(SolutionConfigurationPlatforms) = preSolution
		Debug|Any CPU = Debug|Any CPU
		Release|Any CPU = Release|Any CPU
	EndGlobalSection
	GlobalSection(ProjectConfigurationPlatforms) = postSolution
		{D7A13800-1937-4FE9-8FBA-DFCD03E8AD78}.Debug|Any CPU.ActiveCfg = Debug|Any CPU
		{D7A13800-1937-4FE9-8FBA-DFCD03E8AD78}.Debug|Any CPU.Build.0 = Debug|Any CPU
		{D7A13800-1937-4FE9-8FBA-DFCD03E8AD78}.Release|Any CPU.ActiveCfg = Release|Any CPU
		{D7A13800-1937-4FE9-8FBA-DFCD03E8AD78}.Release|Any CPU.Build.0 = Release|Any CPU
	EndGlobalSection
	GlobalSection(SolutionProperties) = preSolution
		HideSolutionNode = FALSE
	EndGlobalSection
	GlobalSection(ExtensibilityGlobals) = postSolution
		SolutionGuid = {F8FB3529-3BC6-4EFD-B161-E143D6ED0226}
	EndGlobalSection
EndGlobal
